// !$*UTF8*$!
{
	archiveVersion = 1;
	classes = {
	};
	objectVersion = 52;
	objects = {

/* Begin PBXBuildFile section */
		86A866F42629BA0A004FDD95 /* AppDelegate.swift in Sources */ = {isa = PBXBuildFile; fileRef = 86A866F32629BA0A004FDD95 /* AppDelegate.swift */; };
		86A866F62629BA0A004FDD95 /* SceneDelegate.swift in Sources */ = {isa = PBXBuildFile; fileRef = 86A866F52629BA0A004FDD95 /* SceneDelegate.swift */; };
		86A866F82629BA0A004FDD95 /* ViewController.swift in Sources */ = {isa = PBXBuildFile; fileRef = 86A866F72629BA0A004FDD95 /* ViewController.swift */; };
		86A866FB2629BA0A004FDD95 /* Main.storyboard in Resources */ = {isa = PBXBuildFile; fileRef = 86A866F92629BA0A004FDD95 /* Main.storyboard */; };
		86A866FD2629BA0B004FDD95 /* Assets.xcassets in Resources */ = {isa = PBXBuildFile; fileRef = 86A866FC2629BA0B004FDD95 /* Assets.xcassets */; };
		86A867002629BA0B004FDD95 /* LaunchScreen.storyboard in Resources */ = {isa = PBXBuildFile; fileRef = 86A866FE2629BA0B004FDD95 /* LaunchScreen.storyboard */; };
		86A867092629BA20004FDD95 /* ACPAnalytics.xcframework in Frameworks */ = {isa = PBXBuildFile; fileRef = 86A867082629BA20004FDD95 /* ACPAnalytics.xcframework */; };
		86A867102629BA27004FDD95 /* ACPCore.xcframework in Frameworks */ = {isa = PBXBuildFile; fileRef = 86A8670B2629BA26004FDD95 /* ACPCore.xcframework */; };
		86A867112629BA27004FDD95 /* ACPLifecycle.xcframework in Frameworks */ = {isa = PBXBuildFile; fileRef = 86A8670C2629BA26004FDD95 /* ACPLifecycle.xcframework */; };
		86A867122629BA27004FDD95 /* ACPIdentity.xcframework in Frameworks */ = {isa = PBXBuildFile; fileRef = 86A8670D2629BA27004FDD95 /* ACPIdentity.xcframework */; };
		86A867132629BA27004FDD95 /* ACPSignal.xcframework in Frameworks */ = {isa = PBXBuildFile; fileRef = 86A8670F2629BA27004FDD95 /* ACPSignal.xcframework */; };
		86A867162629BA2B004FDD95 /* ACPMobileServices.xcframework in Frameworks */ = {isa = PBXBuildFile; fileRef = 86A867152629BA2B004FDD95 /* ACPMobileServices.xcframework */; };
		86A8671A2629BA4E004FDD95 /* UIKit.framework in Frameworks */ = {isa = PBXBuildFile; fileRef = 86A867192629BA4E004FDD95 /* UIKit.framework */; };
		86A8671C2629BA54004FDD95 /* SystemConfiguration.framework in Frameworks */ = {isa = PBXBuildFile; fileRef = 86A8671B2629BA54004FDD95 /* SystemConfiguration.framework */; };
		86A8671E2629BA59004FDD95 /* WebKit.framework in Frameworks */ = {isa = PBXBuildFile; fileRef = 86A8671D2629BA59004FDD95 /* WebKit.framework */; };
		86A867202629BA5F004FDD95 /* UserNotifications.framework in Frameworks */ = {isa = PBXBuildFile; fileRef = 86A8671F2629BA5F004FDD95 /* UserNotifications.framework */; };
		86A867222629BA66004FDD95 /* libsqlite3.0.tbd in Frameworks */ = {isa = PBXBuildFile; fileRef = 86A867212629BA66004FDD95 /* libsqlite3.0.tbd */; };
		86A867252629BA6D004FDD95 /* libc++.tbd in Frameworks */ = {isa = PBXBuildFile; fileRef = 86A867242629BA6D004FDD95 /* libc++.tbd */; };
		86A867282629BA72004FDD95 /* libz.tbd in Frameworks */ = {isa = PBXBuildFile; fileRef = 86A867272629BA72004FDD95 /* libz.tbd */; };
/* End PBXBuildFile section */

/* Begin PBXFileReference section */
		86A866F02629BA0A004FDD95 /* AdobeSandboxTest.app */ = {isa = PBXFileReference; explicitFileType = wrapper.application; includeInIndex = 0; path = AdobeSandboxTest.app; sourceTree = BUILT_PRODUCTS_DIR; };
		86A866F32629BA0A004FDD95 /* AppDelegate.swift */ = {isa = PBXFileReference; lastKnownFileType = sourcecode.swift; path = AppDelegate.swift; sourceTree = "<group>"; };
		86A866F52629BA0A004FDD95 /* SceneDelegate.swift */ = {isa = PBXFileReference; lastKnownFileType = sourcecode.swift; path = SceneDelegate.swift; sourceTree = "<group>"; };
		86A866F72629BA0A004FDD95 /* ViewController.swift */ = {isa = PBXFileReference; lastKnownFileType = sourcecode.swift; path = ViewController.swift; sourceTree = "<group>"; };
		86A866FA2629BA0A004FDD95 /* Base */ = {isa = PBXFileReference; lastKnownFileType = file.storyboard; name = Base; path = Base.lproj/Main.storyboard; sourceTree = "<group>"; };
		86A866FC2629BA0B004FDD95 /* Assets.xcassets */ = {isa = PBXFileReference; lastKnownFileType = folder.assetcatalog; path = Assets.xcassets; sourceTree = "<group>"; };
		86A866FF2629BA0B004FDD95 /* Base */ = {isa = PBXFileReference; lastKnownFileType = file.storyboard; name = Base; path = Base.lproj/LaunchScreen.storyboard; sourceTree = "<group>"; };
		86A867012629BA0B004FDD95 /* Info.plist */ = {isa = PBXFileReference; lastKnownFileType = text.plist.xml; path = Info.plist; sourceTree = "<group>"; };
		86A867082629BA20004FDD95 /* ACPAnalytics.xcframework */ = {isa = PBXFileReference; lastKnownFileType = wrapper.xcframework; path = ACPAnalytics.xcframework; sourceTree = "<group>"; };
		86A8670B2629BA26004FDD95 /* ACPCore.xcframework */ = {isa = PBXFileReference; lastKnownFileType = wrapper.xcframework; path = ACPCore.xcframework; sourceTree = "<group>"; };
		86A8670C2629BA26004FDD95 /* ACPLifecycle.xcframework */ = {isa = PBXFileReference; lastKnownFileType = wrapper.xcframework; path = ACPLifecycle.xcframework; sourceTree = "<group>"; };
		86A8670D2629BA27004FDD95 /* ACPIdentity.xcframework */ = {isa = PBXFileReference; lastKnownFileType = wrapper.xcframework; path = ACPIdentity.xcframework; sourceTree = "<group>"; };
		86A8670F2629BA27004FDD95 /* ACPSignal.xcframework */ = {isa = PBXFileReference; lastKnownFileType = wrapper.xcframework; path = ACPSignal.xcframework; sourceTree = "<group>"; };
		86A867152629BA2B004FDD95 /* ACPMobileServices.xcframework */ = {isa = PBXFileReference; lastKnownFileType = wrapper.xcframework; path = ACPMobileServices.xcframework; sourceTree = "<group>"; };
		86A867192629BA4E004FDD95 /* UIKit.framework */ = {isa = PBXFileReference; lastKnownFileType = wrapper.framework; name = UIKit.framework; path = System/Library/Frameworks/UIKit.framework; sourceTree = SDKROOT; };
		86A8671B2629BA54004FDD95 /* SystemConfiguration.framework */ = {isa = PBXFileReference; lastKnownFileType = wrapper.framework; name = SystemConfiguration.framework; path = System/Library/Frameworks/SystemConfiguration.framework; sourceTree = SDKROOT; };
		86A8671D2629BA59004FDD95 /* WebKit.framework */ = {isa = PBXFileReference; lastKnownFileType = wrapper.framework; name = WebKit.framework; path = System/Library/Frameworks/WebKit.framework; sourceTree = SDKROOT; };
		86A8671F2629BA5F004FDD95 /* UserNotifications.framework */ = {isa = PBXFileReference; lastKnownFileType = wrapper.framework; name = UserNotifications.framework; path = System/Library/Frameworks/UserNotifications.framework; sourceTree = SDKROOT; };
		86A867212629BA66004FDD95 /* libsqlite3.0.tbd */ = {isa = PBXFileReference; lastKnownFileType = "sourcecode.text-based-dylib-definition"; name = libsqlite3.0.tbd; path = usr/lib/libsqlite3.0.tbd; sourceTree = SDKROOT; };
		86A867242629BA6D004FDD95 /* libc++.tbd */ = {isa = PBXFileReference; lastKnownFileType = "sourcecode.text-based-dylib-definition"; name = "libc++.tbd"; path = "usr/lib/libc++.tbd"; sourceTree = SDKROOT; };
		86A867272629BA72004FDD95 /* libz.tbd */ = {isa = PBXFileReference; lastKnownFileType = "sourcecode.text-based-dylib-definition"; name = libz.tbd; path = usr/lib/libz.tbd; sourceTree = SDKROOT; };
/* End PBXFileReference section */

/* Begin PBXFrameworksBuildPhase section */
		86A866ED2629BA0A004FDD95 /* Frameworks */ = {
			isa = PBXFrameworksBuildPhase;
			buildActionMask = 2147483647;
			files = (
				86A867282629BA72004FDD95 /* libz.tbd in Frameworks */,
				86A867252629BA6D004FDD95 /* libc++.tbd in Frameworks */,
				86A867222629BA66004FDD95 /* libsqlite3.0.tbd in Frameworks */,
				86A867202629BA5F004FDD95 /* UserNotifications.framework in Frameworks */,
				86A8671E2629BA59004FDD95 /* WebKit.framework in Frameworks */,
				86A8671C2629BA54004FDD95 /* SystemConfiguration.framework in Frameworks */,
				86A8671A2629BA4E004FDD95 /* UIKit.framework in Frameworks */,
				86A867122629BA27004FDD95 /* ACPIdentity.xcframework in Frameworks */,
				86A867112629BA27004FDD95 /* ACPLifecycle.xcframework in Frameworks */,
				86A867132629BA27004FDD95 /* ACPSignal.xcframework in Frameworks */,
				86A867092629BA20004FDD95 /* ACPAnalytics.xcframework in Frameworks */,
				86A867162629BA2B004FDD95 /* ACPMobileServices.xcframework in Frameworks */,
				86A867102629BA27004FDD95 /* ACPCore.xcframework in Frameworks */,
			);
			runOnlyForDeploymentPostprocessing = 0;
		};
/* End PBXFrameworksBuildPhase section */

/* Begin PBXGroup section */
		86A866E72629BA0A004FDD95 = {
			isa = PBXGroup;
			children = (
				86A866F22629BA0A004FDD95 /* AdobeSandboxTest */,
				86A866F12629BA0A004FDD95 /* Products */,
				86A867182629BA4E004FDD95 /* Frameworks */,
			);
			sourceTree = "<group>";
		};
		86A866F12629BA0A004FDD95 /* Products */ = {
			isa = PBXGroup;
			children = (
				86A866F02629BA0A004FDD95 /* AdobeSandboxTest.app */,
			);
			name = Products;
			sourceTree = "<group>";
		};
		86A866F22629BA0A004FDD95 /* AdobeSandboxTest */ = {
			isa = PBXGroup;
			children = (
				86A866F32629BA0A004FDD95 /* AppDelegate.swift */,
				86A866F52629BA0A004FDD95 /* SceneDelegate.swift */,
				86A866F72629BA0A004FDD95 /* ViewController.swift */,
				86A866F92629BA0A004FDD95 /* Main.storyboard */,
				86A866FC2629BA0B004FDD95 /* Assets.xcassets */,
				86A866FE2629BA0B004FDD95 /* LaunchScreen.storyboard */,
				86A867012629BA0B004FDD95 /* Info.plist */,
			);
			path = AdobeSandboxTest;
			sourceTree = "<group>";
		};
		86A867182629BA4E004FDD95 /* Frameworks */ = {
			isa = PBXGroup;
			children = (
				86A867082629BA20004FDD95 /* ACPAnalytics.xcframework */,
				86A8670B2629BA26004FDD95 /* ACPCore.xcframework */,
				86A8670D2629BA27004FDD95 /* ACPIdentity.xcframework */,
				86A8670C2629BA26004FDD95 /* ACPLifecycle.xcframework */,
				86A8670F2629BA27004FDD95 /* ACPSignal.xcframework */,
				86A867152629BA2B004FDD95 /* ACPMobileServices.xcframework */,
				86A867272629BA72004FDD95 /* libz.tbd */,
				86A867242629BA6D004FDD95 /* libc++.tbd */,
				86A867212629BA66004FDD95 /* libsqlite3.0.tbd */,
				86A8671F2629BA5F004FDD95 /* UserNotifications.framework */,
				86A8671D2629BA59004FDD95 /* WebKit.framework */,
				86A8671B2629BA54004FDD95 /* SystemConfiguration.framework */,
				86A867192629BA4E004FDD95 /* UIKit.framework */,
			);
			name = Frameworks;
			sourceTree = "<group>";
		};
/* End PBXGroup section */

/* Begin PBXNativeTarget section */
		86A866EF2629BA0A004FDD95 /* AdobeSandboxTest */ = {
			isa = PBXNativeTarget;
			buildConfigurationList = 86A867042629BA0B004FDD95 /* Build configuration list for PBXNativeTarget "AdobeSandboxTest" */;
			buildPhases = (
				86A866EC2629BA0A004FDD95 /* Sources */,
				86A866ED2629BA0A004FDD95 /* Frameworks */,
				86A866EE2629BA0A004FDD95 /* Resources */,
			);
			buildRules = (
			);
			dependencies = (
			);
			name = AdobeSandboxTest;
			productName = AdobeSandboxTest;
			productReference = 86A866F02629BA0A004FDD95 /* AdobeSandboxTest.app */;
			productType = "com.apple.product-type.application";
		};
/* End PBXNativeTarget section */

/* Begin PBXProject section */
		86A866E82629BA0A004FDD95 /* Project object */ = {
			isa = PBXProject;
			attributes = {
				LastSwiftUpdateCheck = 1240;
				LastUpgradeCheck = 1240;
				TargetAttributes = {
					86A866EF2629BA0A004FDD95 = {
						CreatedOnToolsVersion = 12.4;
					};
				};
			};
			buildConfigurationList = 86A866EB2629BA0A004FDD95 /* Build configuration list for PBXProject "AdobeSandboxTest" */;
			compatibilityVersion = "Xcode 9.3";
			developmentRegion = en;
			hasScannedForEncodings = 0;
			knownRegions = (
				en,
				Base,
			);
			mainGroup = 86A866E72629BA0A004FDD95;
			productRefGroup = 86A866F12629BA0A004FDD95 /* Products */;
			projectDirPath = "";
			projectRoot = "";
			targets = (
				86A866EF2629BA0A004FDD95 /* AdobeSandboxTest */,
			);
		};
/* End PBXProject section */

/* Begin PBXResourcesBuildPhase section */
		86A866EE2629BA0A004FDD95 /* Resources */ = {
			isa = PBXResourcesBuildPhase;
			buildActionMask = 2147483647;
			files = (
				86A867002629BA0B004FDD95 /* LaunchScreen.storyboard in Resources */,
				86A866FD2629BA0B004FDD95 /* Assets.xcassets in Resources */,
				86A866FB2629BA0A004FDD95 /* Main.storyboard in Resources */,
			);
			runOnlyForDeploymentPostprocessing = 0;
		};
/* End PBXResourcesBuildPhase section */

/* Begin PBXSourcesBuildPhase section */
		86A866EC2629BA0A004FDD95 /* Sources */ = {
			isa = PBXSourcesBuildPhase;
			buildActionMask = 2147483647;
			files = (
				86A866F82629BA0A004FDD95 /* ViewController.swift in Sources */,
				86A866F42629BA0A004FDD95 /* AppDelegate.swift in Sources */,
				86A866F62629BA0A004FDD95 /* SceneDelegate.swift in Sources */,
			);
			runOnlyForDeploymentPostprocessing = 0;
		};
/* End PBXSourcesBuildPhase section */

/* Begin PBXVariantGroup section */
		86A866F92629BA0A004FDD95 /* Main.storyboard */ = {
			isa = PBXVariantGroup;
			children = (
				86A866FA2629BA0A004FDD95 /* Base */,
			);
			name = Main.storyboard;
			sourceTree = "<group>";
		};
		86A866FE2629BA0B004FDD95 /* LaunchScreen.storyboard */ = {
			isa = PBXVariantGroup;
			children = (
				86A866FF2629BA0B004FDD95 /* Base */,
			);
			name = LaunchScreen.storyboard;
			sourceTree = "<group>";
		};
/* End PBXVariantGroup section */

/* Begin XCBuildConfiguration section */
		86A867022629BA0B004FDD95 /* Debug */ = {
			isa = XCBuildConfiguration;
			buildSettings = {
				ALWAYS_SEARCH_USER_PATHS = NO;
				CLANG_ANALYZER_NONNULL = YES;
				CLANG_ANALYZER_NUMBER_OBJECT_CONVERSION = YES_AGGRESSIVE;
				CLANG_CXX_LANGUAGE_STANDARD = "gnu++14";
				CLANG_CXX_LIBRARY = "libc++";
				CLANG_ENABLE_MODULES = YES;
				CLANG_ENABLE_OBJC_ARC = YES;
				CLANG_ENABLE_OBJC_WEAK = YES;
				CLANG_WARN_BLOCK_CAPTURE_AUTORELEASING = YES;
				CLANG_WARN_BOOL_CONVERSION = YES;
				CLANG_WARN_COMMA = YES;
				CLANG_WARN_CONSTANT_CONVERSION = YES;
				CLANG_WARN_DEPRECATED_OBJC_IMPLEMENTATIONS = YES;
				CLANG_WARN_DIRECT_OBJC_ISA_USAGE = YES_ERROR;
				CLANG_WARN_DOCUMENTATION_COMMENTS = YES;
				CLANG_WARN_EMPTY_BODY = YES;
				CLANG_WARN_ENUM_CONVERSION = YES;
				CLANG_WARN_INFINITE_RECURSION = YES;
				CLANG_WARN_INT_CONVERSION = YES;
				CLANG_WARN_NON_LITERAL_NULL_CONVERSION = YES;
				CLANG_WARN_OBJC_IMPLICIT_RETAIN_SELF = YES;
				CLANG_WARN_OBJC_LITERAL_CONVERSION = YES;
				CLANG_WARN_OBJC_ROOT_CLASS = YES_ERROR;
				CLANG_WARN_QUOTED_INCLUDE_IN_FRAMEWORK_HEADER = YES;
				CLANG_WARN_RANGE_LOOP_ANALYSIS = YES;
				CLANG_WARN_STRICT_PROTOTYPES = YES;
				CLANG_WARN_SUSPICIOUS_MOVE = YES;
				CLANG_WARN_UNGUARDED_AVAILABILITY = YES_AGGRESSIVE;
				CLANG_WARN_UNREACHABLE_CODE = YES;
				CLANG_WARN__DUPLICATE_METHOD_MATCH = YES;
				COPY_PHASE_STRIP = NO;
				DEBUG_INFORMATION_FORMAT = dwarf;
				ENABLE_STRICT_OBJC_MSGSEND = YES;
				ENABLE_TESTABILITY = YES;
				GCC_C_LANGUAGE_STANDARD = gnu11;
				GCC_DYNAMIC_NO_PIC = NO;
				GCC_NO_COMMON_BLOCKS = YES;
				GCC_OPTIMIZATION_LEVEL = 0;
				GCC_PREPROCESSOR_DEFINITIONS = (
					"DEBUG=1",
					"$(inherited)",
				);
				GCC_WARN_64_TO_32_BIT_CONVERSION = YES;
				GCC_WARN_ABOUT_RETURN_TYPE = YES_ERROR;
				GCC_WARN_UNDECLARED_SELECTOR = YES;
				GCC_WARN_UNINITIALIZED_AUTOS = YES_AGGRESSIVE;
				GCC_WARN_UNUSED_FUNCTION = YES;
				GCC_WARN_UNUSED_VARIABLE = YES;
				IPHONEOS_DEPLOYMENT_TARGET = 14.4;
				MTL_ENABLE_DEBUG_INFO = INCLUDE_SOURCE;
				MTL_FAST_MATH = YES;
				ONLY_ACTIVE_ARCH = YES;
				SDKROOT = iphoneos;
				SWIFT_ACTIVE_COMPILATION_CONDITIONS = DEBUG;
				SWIFT_OPTIMIZATION_LEVEL = "-Onone";
			};
			name = Debug;
		};
		86A867032629BA0B004FDD95 /* Release */ = {
			isa = XCBuildConfiguration;
			buildSettings = {
				ALWAYS_SEARCH_USER_PATHS = NO;
				CLANG_ANALYZER_NONNULL = YES;
				CLANG_ANALYZER_NUMBER_OBJECT_CONVERSION = YES_AGGRESSIVE;
				CLANG_CXX_LANGUAGE_STANDARD = "gnu++14";
				CLANG_CXX_LIBRARY = "libc++";
				CLANG_ENABLE_MODULES = YES;
				CLANG_ENABLE_OBJC_ARC = YES;
				CLANG_ENABLE_OBJC_WEAK = YES;
				CLANG_WARN_BLOCK_CAPTURE_AUTORELEASING = YES;
				CLANG_WARN_BOOL_CONVERSION = YES;
				CLANG_WARN_COMMA = YES;
				CLANG_WARN_CONSTANT_CONVERSION = YES;
				CLANG_WARN_DEPRECATED_OBJC_IMPLEMENTATIONS = YES;
				CLANG_WARN_DIRECT_OBJC_ISA_USAGE = YES_ERROR;
				CLANG_WARN_DOCUMENTATION_COMMENTS = YES;
				CLANG_WARN_EMPTY_BODY = YES;
				CLANG_WARN_ENUM_CONVERSION = YES;
				CLANG_WARN_INFINITE_RECURSION = YES;
				CLANG_WARN_INT_CONVERSION = YES;
				CLANG_WARN_NON_LITERAL_NULL_CONVERSION = YES;
				CLANG_WARN_OBJC_IMPLICIT_RETAIN_SELF = YES;
				CLANG_WARN_OBJC_LITERAL_CONVERSION = YES;
				CLANG_WARN_OBJC_ROOT_CLASS = YES_ERROR;
				CLANG_WARN_QUOTED_INCLUDE_IN_FRAMEWORK_HEADER = YES;
				CLANG_WARN_RANGE_LOOP_ANALYSIS = YES;
				CLANG_WARN_STRICT_PROTOTYPES = YES;
				CLANG_WARN_SUSPICIOUS_MOVE = YES;
				CLANG_WARN_UNGUARDED_AVAILABILITY = YES_AGGRESSIVE;
				CLANG_WARN_UNREACHABLE_CODE = YES;
				CLANG_WARN__DUPLICATE_METHOD_MATCH = YES;
				COPY_PHASE_STRIP = NO;
				DEBUG_INFORMATION_FORMAT = "dwarf-with-dsym";
				ENABLE_NS_ASSERTIONS = NO;
				ENABLE_STRICT_OBJC_MSGSEND = YES;
				GCC_C_LANGUAGE_STANDARD = gnu11;
				GCC_NO_COMMON_BLOCKS = YES;
				GCC_WARN_64_TO_32_BIT_CONVERSION = YES;
				GCC_WARN_ABOUT_RETURN_TYPE = YES_ERROR;
				GCC_WARN_UNDECLARED_SELECTOR = YES;
				GCC_WARN_UNINITIALIZED_AUTOS = YES_AGGRESSIVE;
				GCC_WARN_UNUSED_FUNCTION = YES;
				GCC_WARN_UNUSED_VARIABLE = YES;
				IPHONEOS_DEPLOYMENT_TARGET = 14.4;
				MTL_ENABLE_DEBUG_INFO = NO;
				MTL_FAST_MATH = YES;
				SDKROOT = iphoneos;
				SWIFT_COMPILATION_MODE = wholemodule;
				SWIFT_OPTIMIZATION_LEVEL = "-O";
				VALIDATE_PRODUCT = YES;
			};
			name = Release;
		};
		86A867052629BA0B004FDD95 /* Debug */ = {
			isa = XCBuildConfiguration;
			buildSettings = {
				ASSETCATALOG_COMPILER_APPICON_NAME = AppIcon;
				ASSETCATALOG_COMPILER_GLOBAL_ACCENT_COLOR_NAME = AccentColor;
				CODE_SIGN_STYLE = Automatic;
				DEVELOPMENT_TEAM = FEHW9JL2T8;
				INFOPLIST_FILE = AdobeSandboxTest/Info.plist;
				LD_RUNPATH_SEARCH_PATHS = (
					"$(inherited)",
					"@executable_path/Frameworks",
				);
				PRODUCT_BUNDLE_IDENTIFIER = be.thenerd.sandbox.AdobeSandboxTest;
				PRODUCT_NAME = "$(TARGET_NAME)";
				SWIFT_VERSION = 5.0;
				TARGETED_DEVICE_FAMILY = "1,2";
			};
			name = Debug;
		};
		86A867062629BA0B004FDD95 /* Release */ = {
			isa = XCBuildConfiguration;
			buildSettings = {
				ASSETCATALOG_COMPILER_APPICON_NAME = AppIcon;
				ASSETCATALOG_COMPILER_GLOBAL_ACCENT_COLOR_NAME = AccentColor;
				CODE_SIGN_STYLE = Automatic;
				DEVELOPMENT_TEAM = FEHW9JL2T8;
				INFOPLIST_FILE = AdobeSandboxTest/Info.plist;
				LD_RUNPATH_SEARCH_PATHS = (
					"$(inherited)",
					"@executable_path/Frameworks",
				);
				PRODUCT_BUNDLE_IDENTIFIER = be.thenerd.sandbox.AdobeSandboxTest;
				PRODUCT_NAME = "$(TARGET_NAME)";
				SWIFT_VERSION = 5.0;
				TARGETED_DEVICE_FAMILY = "1,2";
			};
			name = Release;
		};
/* End XCBuildConfiguration section */

/* Begin XCConfigurationList section */
		86A866EB2629BA0A004FDD95 /* Build configuration list for PBXProject "AdobeSandboxTest" */ = {
			isa = XCConfigurationList;
			buildConfigurations = (
				86A867022629BA0B004FDD95 /* Debug */,
				86A867032629BA0B004FDD95 /* Release */,
			);
			defaultConfigurationIsVisible = 0;
			defaultConfigurationName = Release;
		};
		86A867042629BA0B004FDD95 /* Build configuration list for PBXNativeTarget "AdobeSandboxTest" */ = {
			isa = XCConfigurationList;
			buildConfigurations = (
				86A867052629BA0B004FDD95 /* Debug */,
				86A867062629BA0B004FDD95 /* Release */,
			);
			defaultConfigurationIsVisible = 0;
			defaultConfigurationName = Release;
		};
/* End XCConfigurationList section */
	};
	rootObject = 86A866E82629BA0A004FDD95 /* Project object */;
}
